<?xml version="1.0" encoding="utf-8"?>
<Project ToolsVersion="4.0" xmlns="http://schemas.microsoft.com/developer/msbuild/2003">
  <ItemGroup>
    <Filter Include="Fichiers sources">
      <UniqueIdentifier>{4FC737F1-C7A5-4376-A066-2A32D752A2FF}</UniqueIdentifier>
      <Extensions>cpp;c;cc;cxx;c++;cppm;ixx;def;odl;idl;hpj;bat;asm;asmx</Extensions>
    </Filter>
    <Filter Include="Fichiers d%27en-tête">
      <UniqueIdentifier>{93995380-89BD-4b04-88EB-625FBE52EBFB}</UniqueIdentifier>
      <Extensions>h;hh;hpp;hxx;h++;hm;inl;inc;ipp;xsd</Extensions>
    </Filter>
    <Filter Include="Fichiers de ressources">
      <UniqueIdentifier>{67DA6AB6-F800-4c08-8B7A-83BB121AAD01}</UniqueIdentifier>
      <Extensions>rc;ico;cur;bmp;dlg;rc2;rct;bin;rgs;gif;jpg;jpeg;jpe;resx;tiff;tif;png;wav;mfcribbon-ms</Extensions>
    </Filter>
    <Filter Include="Fichiers d%27en-tête\cpu">
      <UniqueIdentifier>{c1da76f8-cfa5-4c69-af93-a5ba7084427c}</UniqueIdentifier>
    </Filter>
    <Filter Include="Fichiers sources\cpu">
      <UniqueIdentifier>{4f61e236-f2d6-406d-8527-8ccbca4fdade}</UniqueIdentifier>
    </Filter>
    <Filter Include="Fichiers d%27en-tête\extern">
      <UniqueIdentifier>{f687f467-7352-47b1-8b33-4ef0ca351d1f}</UniqueIdentifier>
    </Filter>
    <Filter Include="Fichiers sources\extern">
      <UniqueIdentifier>{3d36fb31-5a19-4fa7-80b4-0d06c8b3ecd7}</UniqueIdentifier>
    </Filter>
    <Filter Include="Fichiers sources\libunistd">
      <UniqueIdentifier>{3e2b11f7-8106-47a9-a08f-215634bcfa3e}</UniqueIdentifier>
    </Filter>
    <Filter Include="Fichiers d%27en-tête\msvc">
      <UniqueIdentifier>{a7ba635e-5bd4-42ed-94dd-dbf16ca8fc76}</UniqueIdentifier>
    </Filter>
  </ItemGroup>
  <ItemGroup>
    <ClInclude Include="..\src\audio.h">
      <Filter>Fichiers d%27en-tête</Filter>
    </ClInclude>
    <ClInclude Include="..\src\cartridge.h">
      <Filter>Fichiers d%27en-tête</Filter>
    </ClInclude>
    <ClInclude Include="..\src\debugger.h">
      <Filter>Fichiers d%27en-tête</Filter>
    </ClInclude>
    <ClInclude Include="..\src\disasm.h">
      <Filter>Fichiers d%27en-tête</Filter>
    </ClInclude>
    <ClInclude Include="..\src\files.h">
      <Filter>Fichiers d%27en-tête</Filter>
    </ClInclude>
    <ClInclude Include="..\src\glue.h">
      <Filter>Fichiers d%27en-tête</Filter>
    </ClInclude>
    <ClInclude Include="..\src\i2c.h">
      <Filter>Fichiers d%27en-tête</Filter>
    </ClInclude>
    <ClInclude Include="..\src\icon.h">
      <Filter>Fichiers d%27en-tête</Filter>
    </ClInclude>
    <ClInclude Include="..\src\ieee.h">
      <Filter>Fichiers d%27en-tête</Filter>
    </ClInclude>
    <ClInclude Include="..\src\joystick.h">
      <Filter>Fichiers d%27en-tête</Filter>
    </ClInclude>
    <ClInclude Include="..\src\keyboard.h">
      <Filter>Fichiers d%27en-tête</Filter>
    </ClInclude>
    <ClInclude Include="..\src\memory.h">
      <Filter>Fichiers d%27en-tête</Filter>
    </ClInclude>
    <ClInclude Include="..\src\rendertext.h">
      <Filter>Fichiers d%27en-tête</Filter>
    </ClInclude>
    <ClInclude Include="..\src\rom_symbols.h">
      <Filter>Fichiers d%27en-tête</Filter>
    </ClInclude>
    <ClInclude Include="..\src\rtc.h">
      <Filter>Fichiers d%27en-tête</Filter>
    </ClInclude>
    <ClInclude Include="..\src\sdcard.h">
      <Filter>Fichiers d%27en-tête</Filter>
    </ClInclude>
    <ClInclude Include="..\src\serial.h">
      <Filter>Fichiers d%27en-tête</Filter>
    </ClInclude>
    <ClInclude Include="..\src\smc.h">
      <Filter>Fichiers d%27en-tête</Filter>
    </ClInclude>
    <ClInclude Include="..\src\testbench.h">
      <Filter>Fichiers d%27en-tête</Filter>
    </ClInclude>
    <ClInclude Include="..\src\timing.h">
      <Filter>Fichiers d%27en-tête</Filter>
    </ClInclude>
    <ClInclude Include="..\src\utf8_encode.h">
      <Filter>Fichiers d%27en-tête</Filter>
    </ClInclude>
    <ClInclude Include="..\src\vera_pcm.h">
      <Filter>Fichiers d%27en-tête</Filter>
    </ClInclude>
    <ClInclude Include="..\src\vera_psg.h">
      <Filter>Fichiers d%27en-tête</Filter>
    </ClInclude>
    <ClInclude Include="..\src\vera_spi.h">
      <Filter>Fichiers d%27en-tête</Filter>
    </ClInclude>
    <ClInclude Include="..\src\version.h">
      <Filter>Fichiers d%27en-tête</Filter>
    </ClInclude>
    <ClInclude Include="..\src\via.h">
      <Filter>Fichiers d%27en-tête</Filter>
    </ClInclude>
    <ClInclude Include="..\src\video.h">
      <Filter>Fichiers d%27en-tête</Filter>
    </ClInclude>
    <ClInclude Include="..\src\wav_recorder.h">
      <Filter>Fichiers d%27en-tête</Filter>
    </ClInclude>
    <ClInclude Include="..\src\cpu\fake6502.h">
      <Filter>Fichiers d%27en-tête\cpu</Filter>
    </ClInclude>
    <ClInclude Include="..\src\cpu\instructions.h">
      <Filter>Fichiers d%27en-tête\cpu</Filter>
    </ClInclude>
    <ClInclude Include="..\src\cpu\mnemonics.h">
      <Filter>Fichiers d%27en-tête\cpu</Filter>
    </ClInclude>
    <ClInclude Include="..\src\cpu\modes.h">
      <Filter>Fichiers d%27en-tête\cpu</Filter>
    </ClInclude>
    <ClInclude Include="..\src\cpu\support.h">
      <Filter>Fichiers d%27en-tête\cpu</Filter>
    </ClInclude>
    <ClInclude Include="..\src\cpu\tables.h">
      <Filter>Fichiers d%27en-tête\cpu</Filter>
    </ClInclude>
    <ClInclude Include="..\src\extern\ymfm\src\ymfm.h">
      <Filter>Fichiers d%27en-tête\extern</Filter>
    </ClInclude>
    <ClInclude Include="..\src\extern\ymfm\src\ymfm_adpcm.h">
      <Filter>Fichiers d%27en-tête\extern</Filter>
    </ClInclude>
    <ClInclude Include="..\src\extern\ymfm\src\ymfm_fm.ipp">
      <Filter>Fichiers d%27en-tête\extern</Filter>
    </ClInclude>
    <ClInclude Include="..\src\extern\ymfm\src\ymfm_opl.h">
      <Filter>Fichiers d%27en-tête\extern</Filter>
    </ClInclude>
    <ClInclude Include="..\src\extern\ymfm\src\ymfm_opm.h">
      <Filter>Fichiers d%27en-tête\extern</Filter>
    </ClInclude>
    <ClInclude Include="..\src\extern\ymfm\src\ymfm_pcm.h">
      <Filter>Fichiers d%27en-tête\extern</Filter>
    </ClInclude>
    <ClInclude Include="libunistd\unistd\dirent.h">
      <Filter>Fichiers d%27en-tête\msvc</Filter>
    </ClInclude>
    <ClInclude Include="libunistd\unistd\unistd.h">
      <Filter>Fichiers d%27en-tête\msvc</Filter>
    </ClInclude>
    <ClInclude Include="libunistd\portable\bsd_string.h">
      <Filter>Fichiers d%27en-tête\msvc</Filter>
    </ClInclude>
    <ClInclude Include="libunistd\portable\stub.h">
      <Filter>Fichiers d%27en-tête\msvc</Filter>
    </ClInclude>
    <ClInclude Include="libunistd\unistd\sigaction.h">
      <Filter>Fichiers d%27en-tête\msvc</Filter>
    </ClInclude>
    <ClInclude Include="libunistd\unistd\sys\sys_types.h">
      <Filter>Fichiers d%27en-tête\msvc</Filter>
    </ClInclude>
    <ClInclude Include="..\src\extern\include\gif.h">
      <Filter>Fichiers d%27en-tête\extern</Filter>
    </ClInclude>
    <ClInclude Include="..\src\extern\include\stb_image_write.h">
      <Filter>Fichiers d%27en-tête\extern</Filter>
    </ClInclude>
    <ClInclude Include="libunistd\unistd\linux\limits.h">
      <Filter>Fichiers d%27en-tête\msvc</Filter>
    </ClInclude>
    <ClInclude Include="..\src\iso_8859_15.h">
      <Filter>Fichiers d%27en-tête</Filter>
    </ClInclude>
  </ItemGroup>
  <ItemGroup>
    <ClCompile Include="..\src\audio.c">
      <Filter>Fichiers sources</Filter>
    </ClCompile>
    <ClCompile Include="..\src\cartridge.c">
      <Filter>Fichiers sources</Filter>
    </ClCompile>
    <ClCompile Include="..\src\debugger.c">
      <Filter>Fichiers sources</Filter>
    </ClCompile>
    <ClCompile Include="..\src\disasm.c">
      <Filter>Fichiers sources</Filter>
    </ClCompile>
    <ClCompile Include="..\src\files.c">
      <Filter>Fichiers sources</Filter>
    </ClCompile>
    <ClCompile Include="..\src\i2c.c">
      <Filter>Fichiers sources</Filter>
    </ClCompile>
    <ClCompile Include="..\src\icon.c">
      <Filter>Fichiers sources</Filter>
    </ClCompile>
    <ClCompile Include="..\src\ieee.c">
      <Filter>Fichiers sources</Filter>
    </ClCompile>
    <ClCompile Include="..\src\javascript_interface.c">
      <Filter>Fichiers sources</Filter>
    </ClCompile>
    <ClCompile Include="..\src\joystick.c">
      <Filter>Fichiers sources</Filter>
    </ClCompile>
    <ClCompile Include="..\src\keyboard.c">
      <Filter>Fichiers sources</Filter>
    </ClCompile>
    <ClCompile Include="..\src\main.c">
      <Filter>Fichiers sources</Filter>
    </ClCompile>
    <ClCompile Include="..\src\memory.c">
      <Filter>Fichiers sources</Filter>
    </ClCompile>
    <ClCompile Include="..\src\rendertext.c">
      <Filter>Fichiers sources</Filter>
    </ClCompile>
    <ClCompile Include="..\src\rtc.c">
      <Filter>Fichiers sources</Filter>
    </ClCompile>
    <ClCompile Include="..\src\sdcard.c">
      <Filter>Fichiers sources</Filter>
    </ClCompile>
    <ClCompile Include="..\src\serial.c">
      <Filter>Fichiers sources</Filter>
    </ClCompile>
    <ClCompile Include="..\src\smc.c">
      <Filter>Fichiers sources</Filter>
    </ClCompile>
    <ClCompile Include="..\src\testbench.c">
      <Filter>Fichiers sources</Filter>
    </ClCompile>
    <ClCompile Include="..\src\timing.c">
      <Filter>Fichiers sources</Filter>
    </ClCompile>
    <ClCompile Include="..\src\vera_pcm.c">
      <Filter>Fichiers sources</Filter>
    </ClCompile>
    <ClCompile Include="..\src\vera_psg.c">
      <Filter>Fichiers sources</Filter>
    </ClCompile>
    <ClCompile Include="..\src\vera_spi.c">
      <Filter>Fichiers sources</Filter>
    </ClCompile>
    <ClCompile Include="..\src\via.c">
      <Filter>Fichiers sources</Filter>
    </ClCompile>
    <ClCompile Include="..\src\video.c">
      <Filter>Fichiers sources</Filter>
    </ClCompile>
    <ClCompile Include="..\src\wav_recorder.c">
      <Filter>Fichiers sources</Filter>
    </ClCompile>
    <ClCompile Include="..\src\cpu\fake6502.c">
      <Filter>Fichiers sources\cpu</Filter>
    </ClCompile>
    <ClCompile Include="libunistd\unistd\dirent.cpp">
      <Filter>Fichiers sources\libunistd</Filter>
    </ClCompile>
    <ClCompile Include="libunistd\unistd\unistd.cpp">
      <Filter>Fichiers sources\libunistd</Filter>
    </ClCompile>
    <ClCompile Include="..\src\extern\ymfm\src\ymfm_adpcm.cpp">
      <Filter>Fichiers sources\extern</Filter>
    </ClCompile>
    <ClCompile Include="..\src\extern\ymfm\src\ymfm_opl.cpp">
      <Filter>Fichiers sources\extern</Filter>
    </ClCompile>
    <ClCompile Include="..\src\extern\ymfm\src\ymfm_opm.cpp">
      <Filter>Fichiers sources\extern</Filter>
    </ClCompile>
    <ClCompile Include="..\src\extern\ymfm\src\ymfm_pcm.cpp">
      <Filter>Fichiers sources\extern</Filter>
    </ClCompile>
    <ClCompile Include="..\src\ymglue.cpp">
      <Filter>Fichiers sources</Filter>
    </ClCompile>
    <ClCompile Include="..\src\iso_8859_15.c">
      <Filter>Fichiers sources</Filter>
    </ClCompile>
  </ItemGroup>
</Project>